// !$*UTF8*$!
{
	archiveVersion = 1;
	classes = {
	};
	objectVersion = 70;
	objects = {

/* Begin PBXBuildFile section */
		B10000000000000000000005 /* ComposableArchitecture in Frameworks */ = {isa = PBXBuildFile; productRef = N10000000000000000000001 /* ComposableArchitecture */; };
		B10000000000000000000006 /* Supabase in Frameworks */ = {isa = PBXBuildFile; productRef = N10000000000000000000002 /* Supabase */; };
/* End PBXBuildFile section */

/* Begin PBXContainerItemProxy section */
		D10000000000000000000001 /* PBXContainerItemProxy */ = {
			isa = PBXContainerItemProxy;
			containerPortal = E10000000000000000000001 /* Project object */;
			proxyType = 1;
			remoteGlobalIDString = A10000000000000000000001;
			remoteInfo = Himatch;
		};
/* End PBXContainerItemProxy section */

/* Begin PBXFileReference section */
		C10000000000000000000007 /* Debug.xcconfig */ = {isa = PBXFileReference; lastKnownFileType = text.xcconfig; path = Debug.xcconfig; sourceTree = "<group>"; };
		C10000000000000000000008 /* Himatch-Info.plist */ = {isa = PBXFileReference; lastKnownFileType = text.plist.xml; path = "Himatch-Info.plist"; sourceTree = "<group>"; };
		C10000000000000000000005 /* Himatch.app */ = {isa = PBXFileReference; explicitFileType = wrapper.application; includeInIndex = 0; path = Himatch.app; sourceTree = BUILT_PRODUCTS_DIR; };
		C10000000000000000000006 /* HimatchTests.xctest */ = {isa = PBXFileReference; explicitFileType = wrapper.cfbundle; includeInIndex = 0; path = HimatchTests.xctest; sourceTree = BUILT_PRODUCTS_DIR; };
/* End PBXFileReference section */

/* Begin PBXFileSystemSynchronizedRootGroup section */
		C10000000000000000000001 /* Himatch */ = {isa = PBXFileSystemSynchronizedRootGroup; explicitFileTypes = {}; explicitFolders = (); path = Himatch; sourceTree = "<group>"; };
		C10000000000000000000002 /* HimatchTests */ = {isa = PBXFileSystemSynchronizedRootGroup; explicitFileTypes = {}; explicitFolders = (); path = HimatchTests; sourceTree = "<group>"; };
/* End PBXFileSystemSynchronizedRootGroup section */

/* Begin PBXFrameworksBuildPhase section */
		F10000000000000000000001 /* Frameworks */ = {
			isa = PBXFrameworksBuildPhase;
			buildActionMask = 2147483647;
			files = (
				B10000000000000000000005 /* ComposableArchitecture in Frameworks */,
				B10000000000000000000006 /* Supabase in Frameworks */,
			);
			runOnlyForDeploymentPostprocessing = 0;
		};
		F10000000000000000000002 /* Frameworks */ = {
			isa = PBXFrameworksBuildPhase;
			buildActionMask = 2147483647;
			files = (
			);
			runOnlyForDeploymentPostprocessing = 0;
		};
/* End PBXFrameworksBuildPhase section */

/* Begin PBXGroup section */
		G10000000000000000000001 = {
			isa = PBXGroup;
			children = (
				G10000000000000000000005 /* Config */,
				C10000000000000000000001 /* Himatch */,
				C10000000000000000000002 /* HimatchTests */,
				G10000000000000000000004 /* Products */,
			);
			sourceTree = "<group>";
		};
		G10000000000000000000004 /* Products */ = {
			isa = PBXGroup;
			children = (
				C10000000000000000000005 /* Himatch.app */,
				C10000000000000000000006 /* HimatchTests.xctest */,
			);
			name = Products;
			sourceTree = "<group>";
		};
		G10000000000000000000005 /* Config */ = {
			isa = PBXGroup;
			children = (
				C10000000000000000000007 /* Debug.xcconfig */,
				C10000000000000000000008 /* Himatch-Info.plist */,
			);
			path = Config;
			sourceTree = "<group>";
		};
/* End PBXGroup section */

/* Begin PBXNativeTarget section */
		A10000000000000000000001 /* Himatch */ = {
			isa = PBXNativeTarget;
			buildConfigurationList = H10000000000000000000001 /* Build configuration list for PBXNativeTarget "Himatch" */;
			buildPhases = (
				I10000000000000000000001 /* Sources */,
				F10000000000000000000001 /* Frameworks */,
				J10000000000000000000001 /* Resources */,
			);
			buildRules = (
			);
			dependencies = (
			);
			fileSystemSynchronizedGroups = (
				C10000000000000000000001 /* Himatch */,
			);
			name = Himatch;
			packageProductDependencies = (
				N10000000000000000000001 /* ComposableArchitecture */,
				N10000000000000000000002 /* Supabase */,
			);
			productName = Himatch;
			productReference = C10000000000000000000005 /* Himatch.app */;
			productType = "com.apple.product-type.application";
		};
		A10000000000000000000002 /* HimatchTests */ = {
			isa = PBXNativeTarget;
			buildConfigurationList = H10000000000000000000002 /* Build configuration list for PBXNativeTarget "HimatchTests" */;
			buildPhases = (
				I10000000000000000000002 /* Sources */,
				F10000000000000000000002 /* Frameworks */,
			);
			buildRules = (
			);
			dependencies = (
				K10000000000000000000001 /* PBXTargetDependency */,
			);
			fileSystemSynchronizedGroups = (
				C10000000000000000000002 /* HimatchTests */,
			);
			name = HimatchTests;
			packageProductDependencies = (
			);
			productName = HimatchTests;
			productReference = C10000000000000000000006 /* HimatchTests.xctest */;
			productType = "com.apple.product-type.bundle.unit-test";
		};
/* End PBXNativeTarget section */

/* Begin PBXProject section */
		E10000000000000000000001 /* Project object */ = {
			isa = PBXProject;
			attributes = {
				BuildIndependentTargetsInParallel = 1;
				LastSwiftUpdateCheck = 2660;
				LastUpgradeCheck = 2660;
				TargetAttributes = {
					A10000000000000000000001 = {
						CreatedOnToolsVersion = 26.6;
						SystemCapabilities = {
							com.apple.SignInWithApple = {
								enabled = 1;
							};
						};
					};
					A10000000000000000000002 = {
						CreatedOnToolsVersion = 26.6;
						TestTargetID = A10000000000000000000001;
					};
				};
			};
			buildConfigurationList = H10000000000000000000003 /* Build configuration list for PBXProject "Himatch" */;
			compatibilityVersion = "Xcode 14.0";
			developmentRegion = en;
			hasScannedForEncodings = 0;
			knownRegions = (
				en,
				Base,
			);
			mainGroup = G10000000000000000000001;
			minimizedProjectReferenceProxies = 1;
			packageReferences = (
				M10000000000000000000001 /* XCRemoteSwiftPackageReference "swift-composable-architecture" */,
				M10000000000000000000002 /* XCRemoteSwiftPackageReference "supabase-swift" */,
			);
			productRefGroup = G10000000000000000000004 /* Products */;
			projectDirPath = "";
			projectRoot = "";
			targets = (
				A10000000000000000000001 /* Himatch */,
				A10000000000000000000002 /* HimatchTests */,
			);
		};
/* End PBXProject section */

/* Begin PBXResourcesBuildPhase section */
		J10000000000000000000001 /* Resources */ = {
			isa = PBXResourcesBuildPhase;
			buildActionMask = 2147483647;
			files = (
			);
			runOnlyForDeploymentPostprocessing = 0;
		};
/* End PBXResourcesBuildPhase section */

/* Begin PBXSourcesBuildPhase section */
		I10000000000000000000001 /* Sources */ = {
			isa = PBXSourcesBuildPhase;
			buildActionMask = 2147483647;
			files = (
			);
			runOnlyForDeploymentPostprocessing = 0;
		};
		I10000000000000000000002 /* Sources */ = {
			isa = PBXSourcesBuildPhase;
			buildActionMask = 2147483647;
			files = (
			);
			runOnlyForDeploymentPostprocessing = 0;
		};
/* End PBXSourcesBuildPhase section */

/* Begin PBXTargetDependency section */
		K10000000000000000000001 /* PBXTargetDependency */ = {
			isa = PBXTargetDependency;
			target = A10000000000000000000001 /* Himatch */;
			targetProxy = D10000000000000000000001 /* PBXContainerItemProxy */;
		};
/* End PBXTargetDependency section */

/* Begin XCBuildConfiguration section */
		L10000000000000000000001 /* Debug */ = {
			isa = XCBuildConfiguration;
			baseConfigurationReference = C10000000000000000000007 /* Debug.xcconfig */;
			buildSettings = {
				ASSETCATALOG_COMPILER_APPICON_NAME = AppIcon;
				CODE_SIGN_ENTITLEMENTS = Himatch/Himatch.entitlements;
				CODE_SIGN_STYLE = Automatic;
				CURRENT_PROJECT_VERSION = 1;
				GENERATE_INFOPLIST_FILE = YES;
				INFOPLIST_FILE = "Config/Himatch-Info.plist";
				INFOPLIST_KEY_CFBundleDisplayName = "ひまっち";
				INFOPLIST_KEY_ITSAppUsesNonExemptEncryption = NO;
				INFOPLIST_KEY_UILaunchScreen_Generation = YES;
				LD_RUNPATH_SEARCH_PATHS = (
					"$(inherited)",
					"@executable_path/Frameworks",
				);
				MARKETING_VERSION = 0.1.0;
				PRODUCT_BUNDLE_IDENTIFIER = com.example.himatch;
				PRODUCT_NAME = "$(TARGET_NAME)";
				SWIFT_EMIT_LOC_STRINGS = YES;
				TARGETED_DEVICE_FAMILY = 1;
			};
			name = Debug;
		};
		L10000000000000000000002 /* Release */ = {
			isa = XCBuildConfiguration;
			buildSettings = {
				ASSETCATALOG_COMPILER_APPICON_NAME = AppIcon;
				CODE_SIGN_ENTITLEMENTS = Himatch/Himatch.entitlements;
				CODE_SIGN_IDENTITY = "$(HIMATCH_CODE_SIGN_IDENTITY)";
				CODE_SIGN_STYLE = "$(HIMATCH_CODE_SIGN_STYLE)";
				CURRENT_PROJECT_VERSION = "$(HIMATCH_CURRENT_PROJECT_VERSION)";
				DEVELOPMENT_TEAM = "$(HIMATCH_DEVELOPMENT_TEAM)";
				GENERATE_INFOPLIST_FILE = YES;
				HIMATCH_CODE_SIGN_IDENTITY = "";
				HIMATCH_CODE_SIGN_STYLE = Automatic;
				HIMATCH_CURRENT_PROJECT_VERSION = 1;
				HIMATCH_DEVELOPMENT_TEAM = 3AR6NX434Z;
				HIMATCH_MARKETING_VERSION = 0.1.0;
				HIMATCH_PRODUCT_BUNDLE_IDENTIFIER = com.example.himatch;
				HIMATCH_PROVISIONING_PROFILE_SPECIFIER = "";
				INFOPLIST_FILE = "Config/Himatch-Info.plist";
				INFOPLIST_KEY_CFBundleDisplayName = "ひまっち";
				INFOPLIST_KEY_ITSAppUsesNonExemptEncryption = NO;
				INFOPLIST_KEY_UILaunchScreen_Generation = YES;
				LD_RUNPATH_SEARCH_PATHS = (
					"$(inherited)",
					"@executable_path/Frameworks",
				);
				MARKETING_VERSION = "$(HIMATCH_MARKETING_VERSION)";
				PRODUCT_BUNDLE_IDENTIFIER = "$(HIMATCH_PRODUCT_BUNDLE_IDENTIFIER)";
				PRODUCT_NAME = "$(TARGET_NAME)";
				PROVISIONING_PROFILE_SPECIFIER = "$(HIMATCH_PROVISIONING_PROFILE_SPECIFIER)";
				SWIFT_EMIT_LOC_STRINGS = YES;
				TARGETED_DEVICE_FAMILY = 1;
			};
			name = Release;
		};
		L10000000000000000000003 /* Debug */ = {
			isa = XCBuildConfiguration;
			buildSettings = {
				BUNDLE_LOADER = "$(TEST_HOST)";
				CODE_SIGN_STYLE = Automatic;
				CURRENT_PROJECT_VERSION = 1;
				GENERATE_INFOPLIST_FILE = YES;
				IPHONEOS_DEPLOYMENT_TARGET = 17.0;
				MARKETING_VERSION = 1.0;
				PRODUCT_BUNDLE_IDENTIFIER = com.example.himatch.tests;
				PRODUCT_NAME = "$(TARGET_NAME)";
				SWIFT_VERSION = 6.0;
				TARGETED_DEVICE_FAMILY = 1;
				TEST_HOST = "$(BUILT_PRODUCTS_DIR)/Himatch.app/$(BUNDLE_EXECUTABLE_FOLDER_PATH)/Himatch";
			};
			name = Debug;
		};
		L10000000000000000000004 /* Release */ = {
			isa = XCBuildConfiguration;
			buildSettings = {
				BUNDLE_LOADER = "$(TEST_HOST)";
				CODE_SIGN_STYLE = Automatic;
				CURRENT_PROJECT_VERSION = 1;
				GENERATE_INFOPLIST_FILE = YES;
				IPHONEOS_DEPLOYMENT_TARGET = 17.0;
				MARKETING_VERSION = 1.0;
				PRODUCT_BUNDLE_IDENTIFIER = com.example.himatch.tests;
				PRODUCT_NAME = "$(TARGET_NAME)";
				SWIFT_VERSION = 6.0;
				TARGETED_DEVICE_FAMILY = 1;
				TEST_HOST = "$(BUILT_PRODUCTS_DIR)/Himatch.app/$(BUNDLE_EXECUTABLE_FOLDER_PATH)/Himatch";
			};
			name = Release;
		};
		L10000000000000000000005 /* Debug */ = {
			isa = XCBuildConfiguration;
			buildSettings = {
				ALWAYS_SEARCH_USER_PATHS = NO;
				CLANG_ENABLE_MODULES = YES;
				CLANG_ENABLE_OBJC_ARC = YES;
				DEBUG_INFORMATION_FORMAT = dwarf;
				ENABLE_TESTABILITY = YES;
				IPHONEOS_DEPLOYMENT_TARGET = 17.0;
				ONLY_ACTIVE_ARCH = YES;
				SDKROOT = iphoneos;
				SWIFT_ACTIVE_COMPILATION_CONDITIONS = "DEBUG $(inherited)";
				SWIFT_OPTIMIZATION_LEVEL = "-Onone";
				SWIFT_VERSION = 6.0;
			};
			name = Debug;
		};
		L10000000000000000000006 /* Release */ = {
			isa = XCBuildConfiguration;
			buildSettings = {
				ALWAYS_SEARCH_USER_PATHS = NO;
				CLANG_ENABLE_MODULES = YES;
				CLANG_ENABLE_OBJC_ARC = YES;
				DEBUG_INFORMATION_FORMAT = "dwarf-with-dsym";
				IPHONEOS_DEPLOYMENT_TARGET = 17.0;
				SDKROOT = iphoneos;
				SWIFT_COMPILATION_MODE = wholemodule;
				SWIFT_OPTIMIZATION_LEVEL = "-O";
				SWIFT_VERSION = 6.0;
				VALIDATE_PRODUCT = YES;
			};
			name = Release;
		};
/* End XCBuildConfiguration section */

/* Begin XCConfigurationList section */
		H10000000000000000000001 /* Build configuration list for PBXNativeTarget "Himatch" */ = {
			isa = XCConfigurationList;
			buildConfigurations = (
				L10000000000000000000001 /* Debug */,
				L10000000000000000000002 /* Release */,
			);
			defaultConfigurationIsVisible = 0;
			defaultConfigurationName = Release;
		};
		H10000000000000000000002 /* Build configuration list for PBXNativeTarget "HimatchTests" */ = {
			isa = XCConfigurationList;
			buildConfigurations = (
				L10000000000000000000003 /* Debug */,
				L10000000000000000000004 /* Release */,
			);
			defaultConfigurationIsVisible = 0;
			defaultConfigurationName = Release;
		};
		H10000000000000000000003 /* Build configuration list for PBXProject "Himatch" */ = {
			isa = XCConfigurationList;
			buildConfigurations = (
				L10000000000000000000005 /* Debug */,
				L10000000000000000000006 /* Release */,
			);
			defaultConfigurationIsVisible = 0;
			defaultConfigurationName = Release;
		};
/* End XCConfigurationList section */

/* Begin XCRemoteSwiftPackageReference section */
		M10000000000000000000001 /* XCRemoteSwiftPackageReference "swift-composable-architecture" */ = {
			isa = XCRemoteSwiftPackageReference;
			repositoryURL = "https://github.com/pointfreeco/swift-composable-architecture";
			requirement = {
				kind = exactVersion;
				version = 1.26.1;
			};
		};
		M10000000000000000000002 /* XCRemoteSwiftPackageReference "supabase-swift" */ = {
			isa = XCRemoteSwiftPackageReference;
			repositoryURL = "https://github.com/supabase/supabase-swift";
			requirement = {
				kind = exactVersion;
				version = 2.55.2;
			};
		};
/* End XCRemoteSwiftPackageReference section */

/* Begin XCSwiftPackageProductDependency section */
		N10000000000000000000001 /* ComposableArchitecture */ = {
			isa = XCSwiftPackageProductDependency;
			package = M10000000000000000000001 /* XCRemoteSwiftPackageReference "swift-composable-architecture" */;
			productName = ComposableArchitecture;
		};
		N10000000000000000000002 /* Supabase */ = {
			isa = XCSwiftPackageProductDependency;
			package = M10000000000000000000002 /* XCRemoteSwiftPackageReference "supabase-swift" */;
			productName = Supabase;
		};
/* End XCSwiftPackageProductDependency section */
	};
	rootObject = E10000000000000000000001 /* Project object */;
}
